// !$*UTF8*$!
{
	archiveVersion = 1;
	classes = {
	};
	objectVersion = 46;
	objects = {

/* Begin PBXBuildFile section */
		D44B97FB1FD8332100F485DC /* ExpandViewController.swift in Sources */ = {isa = PBXBuildFile; fileRef = D44B97FA1FD8332100F485DC /* ExpandViewController.swift */; };
		D4D343B51FD302590092B121 /* AppDelegate.swift in Sources */ = {isa = PBXBuildFile; fileRef = D4D343B41FD302590092B121 /* AppDelegate.swift */; };
		D4D343B71FD302590092B121 /* ViewController.swift in Sources */ = {isa = PBXBuildFile; fileRef = D4D343B61FD302590092B121 /* ViewController.swift */; };
		D4D343BA1FD302590092B121 /* Main.storyboard in Resources */ = {isa = PBXBuildFile; fileRef = D4D343B81FD302590092B121 /* Main.storyboard */; };
		D4D343BC1FD302590092B121 /* Assets.xcassets in Resources */ = {isa = PBXBuildFile; fileRef = D4D343BB1FD302590092B121 /* Assets.xcassets */; };
		D4D343BF1FD302590092B121 /* LaunchScreen.storyboard in Resources */ = {isa = PBXBuildFile; fileRef = D4D343BD1FD302590092B121 /* LaunchScreen.storyboard */; };
		D4D343C91FD302B70092B121 /* IMG_2228.jpg in Resources */ = {isa = PBXBuildFile; fileRef = D4D343C61FD302B70092B121 /* IMG_2228.jpg */; };
		D4D343CA1FD302B70092B121 /* IMG_2229.jpg in Resources */ = {isa = PBXBuildFile; fileRef = D4D343C71FD302B70092B121 /* IMG_2229.jpg */; };
		D4D343CB1FD302B70092B121 /* IMG_2230.jpg in Resources */ = {isa = PBXBuildFile; fileRef = D4D343C81FD302B70092B121 /* IMG_2230.jpg */; };
/* End PBXBuildFile section */

/* Begin PBXFileReference section */
		D44B97FA1FD8332100F485DC /* ExpandViewController.swift */ = {isa = PBXFileReference; fileEncoding = 4; lastKnownFileType = sourcecode.swift; path = ExpandViewController.swift; sourceTree = "<group>"; };
		D4D343B11FD302590092B121 /* SlideshowApp.app */ = {isa = PBXFileReference; explicitFileType = wrapper.application; includeInIndex = 0; path = SlideshowApp.app; sourceTree = BUILT_PRODUCTS_DIR; };
		D4D343B41FD302590092B121 /* AppDelegate.swift */ = {isa = PBXFileReference; lastKnownFileType = sourcecode.swift; path = AppDelegate.swift; sourceTree = "<group>"; };
		D4D343B61FD302590092B121 /* ViewController.swift */ = {isa = PBXFileReference; lastKnownFileType = sourcecode.swift; path = ViewController.swift; sourceTree = "<group>"; };
		D4D343B91FD302590092B121 /* Base */ = {isa = PBXFileReference; lastKnownFileType = file.storyboard; name = Base; path = Base.lproj/Main.storyboard; sourceTree = "<group>"; };
		D4D343BB1FD302590092B121 /* Assets.xcassets */ = {isa = PBXFileReference; lastKnownFileType = folder.assetcatalog; path = Assets.xcassets; sourceTree = "<group>"; };
		D4D343BE1FD302590092B121 /* Base */ = {isa = PBXFileReference; lastKnownFileType = file.storyboard; name = Base; path = Base.lproj/LaunchScreen.storyboard; sourceTree = "<group>"; };
		D4D343C01FD302590092B121 /* Info.plist */ = {isa = PBXFileReference; lastKnownFileType = text.plist.xml; path = Info.plist; sourceTree = "<group>"; };
		D4D343C61FD302B70092B121 /* IMG_2228.jpg */ = {isa = PBXFileReference; lastKnownFileType = image.jpeg; path = IMG_2228.jpg; sourceTree = "<group>"; };
		D4D343C71FD302B70092B121 /* IMG_2229.jpg */ = {isa = PBXFileReference; lastKnownFileType = image.jpeg; path = IMG_2229.jpg; sourceTree = "<group>"; };
		D4D343C81FD302B70092B121 /* IMG_2230.jpg */ = {isa = PBXFileReference; lastKnownFileType = image.jpeg; path = IMG_2230.jpg; sourceTree = "<group>"; };
/* End PBXFileReference section */

/* Begin PBXFrameworksBuildPhase section */
		D4D343AE1FD302590092B121 /* Frameworks */ = {
			isa = PBXFrameworksBuildPhase;
			buildActionMask = 2147483647;
			files = (
			);
			runOnlyForDeploymentPostprocessing = 0;
		};
/* End PBXFrameworksBuildPhase section */

/* Begin PBXGroup section */
		D4D343A81FD302590092B121 = {
			isa = PBXGroup;
			children = (
				D4D343B31FD302590092B121 /* SlideshowApp */,
				D4D343B21FD302590092B121 /* Products */,
			);
			sourceTree = "<group>";
		};
		D4D343B21FD302590092B121 /* Products */ = {
			isa = PBXGroup;
			children = (
				D4D343B11FD302590092B121 /* SlideshowApp.app */,
			);
			name = Products;
			sourceTree = "<group>";
		};
		D4D343B31FD302590092B121 /* SlideshowApp */ = {
			isa = PBXGroup;
			children = (
				D4D343B41FD302590092B121 /* AppDelegate.swift */,
				D4D343B61FD302590092B121 /* ViewController.swift */,
				D4D343B81FD302590092B121 /* Main.storyboard */,
				D44B97FA1FD8332100F485DC /* ExpandViewController.swift */,
				D4D343BB1FD302590092B121 /* Assets.xcassets */,
				D4D343BD1FD302590092B121 /* LaunchScreen.storyboard */,
				D4D343C01FD302590092B121 /* Info.plist */,
				D4D343C61FD302B70092B121 /* IMG_2228.jpg */,
				D4D343C71FD302B70092B121 /* IMG_2229.jpg */,
				D4D343C81FD302B70092B121 /* IMG_2230.jpg */,
			);
			path = SlideshowApp;
			sourceTree = "<group>";
		};
/* End PBXGroup section */

/* Begin PBXNativeTarget section */
		D4D343B01FD302590092B121 /* SlideshowApp */ = {
			isa = PBXNativeTarget;
			buildConfigurationList = D4D343C31FD302590092B121 /* Build configuration list for PBXNativeTarget "SlideshowApp" */;
			buildPhases = (
				D4D343AD1FD302590092B121 /* Sources */,
				D4D343AE1FD302590092B121 /* Frameworks */,
				D4D343AF1FD302590092B121 /* Resources */,
			);
			buildRules = (
			);
			dependencies = (
			);
			name = SlideshowApp;
			productName = SlideshowApp;
			productReference = D4D343B11FD302590092B121 /* SlideshowApp.app */;
			productType = "com.apple.product-type.application";
		};
/* End PBXNativeTarget section */

/* Begin PBXProject section */
		D4D343A91FD302590092B121 /* Project object */ = {
			isa = PBXProject;
			attributes = {
				LastSwiftUpdateCheck = 0830;
				LastUpgradeCheck = 0830;
				ORGANIZATIONNAME = aiki.doi;
				TargetAttributes = {
					D4D343B01FD302590092B121 = {
						CreatedOnToolsVersion = 8.3.3;
						DevelopmentTeam = 5DT88965V7;
						ProvisioningStyle = Automatic;
					};
				};
			};
			buildConfigurationList = D4D343AC1FD302590092B121 /* Build configuration list for PBXProject "SlideshowApp" */;
			compatibilityVersion = "Xcode 3.2";
			developmentRegion = English;
			hasScannedForEncodings = 0;
			knownRegions = (
				en,
				Base,
			);
			mainGroup = D4D343A81FD302590092B121;
			productRefGroup = D4D343B21FD302590092B121 /* Products */;
			projectDirPath = "";
			projectRoot = "";
			targets = (
				D4D343B01FD302590092B121 /* SlideshowApp */,
			);
		};
/* End PBXProject section */

/* Begin PBXResourcesBuildPhase section */
		D4D343AF1FD302590092B121 /* Resources */ = {
			isa = PBXResourcesBuildPhase;
			buildActionMask = 2147483647;
			files = (
				D4D343CB1FD302B70092B121 /* IMG_2230.jpg in Resources */,
				D4D343CA1FD302B70092B121 /* IMG_2229.jpg in Resources */,
				D4D343BF1FD302590092B121 /* LaunchScreen.storyboard in Resources */,
				D4D343C91FD302B70092B121 /* IMG_2228.jpg in Resources */,
				D4D343BC1FD302590092B121 /* Assets.xcassets in Resources */,
				D4D343BA1FD302590092B121 /* Main.storyboard in Resources */,
			);
			runOnlyForDeploymentPostprocessing = 0;
		};
/* End PBXResourcesBuildPhase section */

/* Begin PBXSourcesBuildPhase section */
		D4D343AD1FD302590092B121 /* Sources */ = {
			isa = PBXSourcesBuildPhase;
			buildActionMask = 2147483647;
			files = (
				D4D343B71FD302590092B121 /* ViewController.swift in Sources */,
				D4D343B51FD302590092B121 /* AppDelegate.swift in Sources */,
				D44B97FB1FD8332100F485DC /* ExpandViewController.swift in Sources */,
			);
			runOnlyForDeploymentPostprocessing = 0;
		};
/* End PBXSourcesBuildPhase section */

/* Begin PBXVariantGroup section */
		D4D343B81FD302590092B121 /* Main.storyboard */ = {
			isa = PBXVariantGroup;
			children = (
				D4D343B91FD302590092B121 /* Base */,
			);
			name = Main.storyboard;
			sourceTree = "<group>";
		};
		D4D343BD1FD302590092B121 /* LaunchScreen.storyboard */ = {
			isa = PBXVariantGroup;
			children = (
				D4D343BE1FD302590092B121 /* Base */,
			);
			name = LaunchScreen.storyboard;
			sourceTree = "<group>";
		};
/* End PBXVariantGroup section */

/* Begin XCBuildConfiguration section */
		D4D343C11FD302590092B121 /* Debug */ = {
			isa = XCBuildConfiguration;
			buildSettings = {
				ALWAYS_SEARCH_USER_PATHS = NO;
				CLANG_ANALYZER_NONNULL = YES;
				CLANG_ANALYZER_NUMBER_OBJECT_CONVERSION = YES_AGGRESSIVE;
				CLANG_CXX_LANGUAGE_STANDARD = "gnu++0x";
				CLANG_CXX_LIBRARY = "libc++";
				CLANG_ENABLE_MODULES = YES;
				CLANG_ENABLE_OBJC_ARC = YES;
				CLANG_WARN_BOOL_CONVERSION = YES;
				CLANG_WARN_CONSTANT_CONVERSION = YES;
				CLANG_WARN_DIRECT_OBJC_ISA_USAGE = YES_ERROR;
				CLANG_WARN_DOCUMENTATION_COMMENTS = YES;
				CLANG_WARN_EMPTY_BODY = YES;
				CLANG_WARN_ENUM_CONVERSION = YES;
				CLANG_WARN_INFINITE_RECURSION = YES;
				CLANG_WARN_INT_CONVERSION = YES;
				CLANG_WARN_OBJC_ROOT_CLASS = YES_ERROR;
				CLANG_WARN_SUSPICIOUS_MOVE = YES;
				CLANG_WARN_UNREACHABLE_CODE = YES;
				CLANG_WARN__DUPLICATE_METHOD_MATCH = YES;
				"CODE_SIGN_IDENTITY[sdk=iphoneos*]" = "iPhone Developer";
				COPY_PHASE_STRIP = NO;
				DEBUG_INFORMATION_FORMAT = dwarf;
				ENABLE_STRICT_OBJC_MSGSEND = YES;
				ENABLE_TESTABILITY = YES;
				GCC_C_LANGUAGE_STANDARD = gnu99;
				GCC_DYNAMIC_NO_PIC = NO;
				GCC_NO_COMMON_BLOCKS = YES;
				GCC_OPTIMIZATION_LEVEL = 0;
				GCC_PREPROCESSOR_DEFINITIONS = (
					"DEBUG=1",
					"$(inherited)",
				);
				GCC_WARN_64_TO_32_BIT_CONVERSION = YES;
				GCC_WARN_ABOUT_RETURN_TYPE = YES_ERROR;
				GCC_WARN_UNDECLARED_SELECTOR = YES;
				GCC_WARN_UNINITIALIZED_AUTOS = YES_AGGRESSIVE;
				GCC_WARN_UNUSED_FUNCTION = YES;
				GCC_WARN_UNUSED_VARIABLE = YES;
				IPHONEOS_DEPLOYMENT_TARGET = 10.3;
				MTL_ENABLE_DEBUG_INFO = YES;
				ONLY_ACTIVE_ARCH = YES;
				SDKROOT = iphoneos;
				SWIFT_ACTIVE_COMPILATION_CONDITIONS = DEBUG;
				SWIFT_OPTIMIZATION_LEVEL = "-Onone";
			};
			name = Debug;
		};
		D4D343C21FD302590092B121 /* Release */ = {
			isa = XCBuildConfiguration;
			buildSettings = {
				ALWAYS_SEARCH_USER_PATHS = NO;
				CLANG_ANALYZER_NONNULL = YES;
				CLANG_ANALYZER_NUMBER_OBJECT_CONVERSION = YES_AGGRESSIVE;
				CLANG_CXX_LANGUAGE_STANDARD = "gnu++0x";
				CLANG_CXX_LIBRARY = "libc++";
				CLANG_ENABLE_MODULES = YES;
				CLANG_ENABLE_OBJC_ARC = YES;
				CLANG_WARN_BOOL_CONVERSION = YES;
				CLANG_WARN_CONSTANT_CONVERSION = YES;
				CLANG_WARN_DIRECT_OBJC_ISA_USAGE = YES_ERROR;
				CLANG_WARN_DOCUMENTATION_COMMENTS = YES;
				CLANG_WARN_EMPTY_BODY = YES;
				CLANG_WARN_ENUM_CONVERSION = YES;
				CLANG_WARN_INFINITE_RECURSION = YES;
				CLANG_WARN_INT_CONVERSION = YES;
				CLANG_WARN_OBJC_ROOT_CLASS = YES_ERROR;
				CLANG_WARN_SUSPICIOUS_MOVE = YES;
				CLANG_WARN_UNREACHABLE_CODE = YES;
				CLANG_WARN__DUPLICATE_METHOD_MATCH = YES;
				"CODE_SIGN_IDENTITY[sdk=iphoneos*]" = "iPhone Developer";
				COPY_PHASE_STRIP = NO;
				DEBUG_INFORMATION_FORMAT = "dwarf-with-dsym";
				ENABLE_NS_ASSERTIONS = NO;
				ENABLE_STRICT_OBJC_MSGSEND = YES;
				GCC_C_LANGUAGE_STANDARD = gnu99;
				GCC_NO_COMMON_BLOCKS = YES;
				GCC_WARN_64_TO_32_BIT_CONVERSION = YES;
				GCC_WARN_ABOUT_RETURN_TYPE = YES_ERROR;
				GCC_WARN_UNDECLARED_SELECTOR = YES;
				GCC_WARN_UNINITIALIZED_AUTOS = YES_AGGRESSIVE;
				GCC_WARN_UNUSED_FUNCTION = YES;
				GCC_WARN_UNUSED_VARIABLE = YES;
				IPHONEOS_DEPLOYMENT_TARGET = 10.3;
				MTL_ENABLE_DEBUG_INFO = NO;
				SDKROOT = iphoneos;
				SWIFT_OPTIMIZATION_LEVEL = "-Owholemodule";
				VALIDATE_PRODUCT = YES;
			};
			name = Release;
		};
		D4D343C41FD302590092B121 /* Debug */ = {
			isa = XCBuildConfiguration;
			buildSettings = {
				ASSETCATALOG_COMPILER_APPICON_NAME = AppIcon;
				DEVELOPMENT_TEAM = 5DT88965V7;
				INFOPLIST_FILE = SlideshowApp/Info.plist;
				LD_RUNPATH_SEARCH_PATHS = "$(inherited) @executable_path/Frameworks";
				PRODUCT_BUNDLE_IDENTIFIER = jp.techacademy.aiki.doi.SlideshowApp;
				PRODUCT_NAME = "$(TARGET_NAME)";
				SWIFT_VERSION = 3.0;
			};
			name = Debug;
		};
		D4D343C51FD302590092B121 /* Release */ = {
			isa = XCBuildConfiguration;
			buildSettings = {
				ASSETCATALOG_COMPILER_APPICON_NAME = AppIcon;
				DEVELOPMENT_TEAM = 5DT88965V7;
				INFOPLIST_FILE = SlideshowApp/Info.plist;
				LD_RUNPATH_SEARCH_PATHS = "$(inherited) @executable_path/Frameworks";
				PRODUCT_BUNDLE_IDENTIFIER = jp.techacademy.aiki.doi.SlideshowApp;
				PRODUCT_NAME = "$(TARGET_NAME)";
				SWIFT_VERSION = 3.0;
			};
			name = Release;
		};
/* End XCBuildConfiguration section */

/* Begin XCConfigurationList section */
		D4D343AC1FD302590092B121 /* Build configuration list for PBXProject "SlideshowApp" */ = {
			isa = XCConfigurationList;
			buildConfigurations = (
				D4D343C11FD302590092B121 /* Debug */,
				D4D343C21FD302590092B121 /* Release */,
			);
			defaultConfigurationIsVisible = 0;
			defaultConfigurationName = Release;
		};
		D4D343C31FD302590092B121 /* Build configuration list for PBXNativeTarget "SlideshowApp" */ = {
			isa = XCConfigurationList;
			buildConfigurations = (
				D4D343C41FD302590092B121 /* Debug */,
				D4D343C51FD302590092B121 /* Release */,
			);
			defaultConfigurationIsVisible = 0;
			defaultConfigurationName = Release;
		};
/* End XCConfigurationList section */
	};
	rootObject = D4D343A91FD302590092B121 /* Project object */;
}
